Microsoft Visual Studio Solution File, Format Version 12.00
# Visual Studio Version 17
VisualStudioVersion = 17.5.2.0
MinimumVisualStudioVersion = 10.0.40219.1
Project("{FAE04EC0-301F-11D3-BF4B-00C04F79EFBC}") = "skoob-api", "skoob-api.csproj", "{132500B0-6EDF-4535-AF38-F87CCFD1A200}"
EndProject
Global
	GlobalSection(SolutionConfigurationPlatforms) = preSolution
		Debug|Any CPU = Debug|Any CPU
		Release|Any CPU = Release|Any CPU
	EndGlobalSection
	GlobalSection(ProjectConfigurationPlatforms) = postSolution
		{132500B0-6EDF-4535-AF38-F87CCFD1A200}.Debug|Any CPU.ActiveCfg = Debug|Any CPU
		{132500B0-6EDF-4535-AF38-F87CCFD1A200}.Debug|Any CPU.Build.0 = Debug|Any CPU
		{132500B0-6EDF-4535-AF38-F87CCFD1A200}.Release|Any CPU.ActiveCfg = Release|Any CPU
		{132500B0-6EDF-4535-AF38-F87CCFD1A200}.Release|Any CPU.Build.0 = Release|Any CPU
	EndGlobalSection
	GlobalSection(SolutionProperties) = preSolution
		HideSolutionNode = FALSE
	EndGlobalSection
	GlobalSection(ExtensibilityGlobals) = postSolution
		SolutionGuid = {70BC8EC1-B4BD-4CD0-A356-520135BACA22}
	EndGlobalSection
EndGlobal
